<?xml version="1.0" encoding="UTF-8" standalone="yes" ?>
<CodeBlocks_project_file>
	<FileVersion major="1" minor="6" />
	<Project>
		<Option title="OpenLayout" />
		<Option pch_mode="2" />
		<Option compiler="gcc" />
		<Build>
			<Target title="Debug">
				<Option output="bin/Debug/OpenLayout" prefix_auto="1" extension_auto="1" />
				<Option object_output="obj/Debug/" />
				<Option type="1" />
				<Option compiler="gcc" />
				<Option use_console_runner="0" />
				<Option projectLinkerOptionsRelation="2" />
				<Compiler>
					<Add option="-g" />
					<Add directory="include" />
					<Add directory="./" />
					<Add directory="../OpenLayout" />
				</Compiler>
			</Target>
			<Target title="Release">
				<Option output="bin/Release/OpenLayout" prefix_auto="1" extension_auto="1" />
				<Option object_output="obj/Release/" />
				<Option type="0" />
				<Option compiler="gcc" />
				<Option projectLinkerOptionsRelation="2" />
				<Compiler>
					<Add option="-fomit-frame-pointer" />
					<Add option="-fexpensive-optimizations" />
					<Add option="-flto" />
					<Add option="-Os" />
					<Add directory="include" />
					<Add directory="./" />
					<Add directory="../OpenLayout" />
				</Compiler>
				<Linker>
					<Add option="-flto" />
					<Add option="-s" />
				</Linker>
			</Target>
		</Build>
		<Compiler>
			<Add option="`wx-config --cflags`" />
		</Compiler>
		<Linker>
			<Add option="`wx-config --libs std,aui`" />
		</Linker>
		<ExtraCommands>
			<Add before="./genimages.sh" />
			<Add after="rm images.h" />
		</ExtraCommands>
		<Unit filename="Board.cpp" />
		<Unit filename="Board.h" />
		<Unit filename="LayerInfoDialog.cpp" />
		<Unit filename="LayerInfoDialog.h" />
		<Unit filename="NewBoardDialog.cpp" />
		<Unit filename="NewBoardDialog.h" />
		<Unit filename="OpenLayoutApp.cpp" />
		<Unit filename="OpenLayoutApp.h" />
		<Unit filename="OpenLayoutMain.cpp" />
		<Unit filename="OpenLayoutMain.h" />
		<Unit filename="PCBFile.cpp" />
		<Unit filename="PCBFile.h" />
		<Unit filename="ProjectInfoDialog.cpp" />
		<Unit filename="ProjectInfoDialog.h" />
		<Unit filename="Settings.cpp" />
		<Unit filename="Settings.h" />
		<Unit filename="SettingsDialog.cpp" />
		<Unit filename="SettingsDialog.h" />
		<Unit filename="inifile.cpp" />
		<Unit filename="inifile.h" />
		<Unit filename="wxsmith/LayerInfoDialog.wxs" />
		<Unit filename="wxsmith/NewBoardDialog.wxs" />
		<Unit filename="wxsmith/OpenLayoutframe.wxs" />
		<Unit filename="wxsmith/ProjectInfoDialog.wxs" />
		<Unit filename="wxsmith/SettingsDialog.wxs" />
		<Extensions>
			<wxsmith version="1">
				<gui name="wxWidgets" src="OpenLayoutApp.cpp" main="OpenLayoutFrame" init_handlers="necessary" language="CPP" />
				<resources>
					<wxFrame wxs="wxsmith/OpenLayoutframe.wxs" src="OpenLayoutMain.cpp" hdr="OpenLayoutMain.h" fwddecl="0" i18n="1" name="OpenLayoutFrame" language="CPP" />
					<wxDialog wxs="wxsmith/NewBoardDialog.wxs" src="NewBoardDialog.cpp" hdr="NewBoardDialog.h" fwddecl="0" i18n="1" name="NewBoardDialog" language="CPP" />
					<wxDialog wxs="wxsmith/LayerInfoDialog.wxs" src="LayerInfoDialog.cpp" hdr="LayerInfoDialog.h" fwddecl="0" i18n="1" name="LayerInfoDialog" language="CPP" />
					<wxDialog wxs="wxsmith/ProjectInfoDialog.wxs" src="ProjectInfoDialog.cpp" hdr="ProjectInfoDialog.h" fwddecl="0" i18n="1" name="ProjectInfoDialog" language="CPP" />
				</resources>
			</wxsmith>
		</Extensions>
	</Project>
</CodeBlocks_project_file>
