<?xml version="1.0" encoding="UTF-8"?>
<CodeBlocks_project_file>
	<FileVersion major="1" minor="6"/>
	<Project>
		<Option title="OpenLayout"/>
		<Option makefile_is_custom="1"/>
		<Option compiler="gcc"/>
		<Option virtualFolders="CMake Files\;"/>
		<Build>
			<Target title="all">
				<Option working_dir="/home/nikita/c++/OpenLayout"/>
				<Option type="4"/>
				<MakeCommands>
					<Build command="/usr/bin/make -j4 -f &quot;/home/nikita/c++/OpenLayout/Makefile&quot;  VERBOSE=1 all"/>
					<CompileFile command="/usr/bin/make -j4 -f &quot;/home/nikita/c++/OpenLayout/Makefile&quot;  VERBOSE=1 &quot;$file&quot;"/>
					<Clean command="/usr/bin/make -j4 -f &quot;/home/nikita/c++/OpenLayout/Makefile&quot;  VERBOSE=1 clean"/>
					<DistClean command="/usr/bin/make -j4 -f &quot;/home/nikita/c++/OpenLayout/Makefile&quot;  VERBOSE=1 clean"/>
				</MakeCommands>
			</Target>
			<Target title="rebuild_cache">
				<Option working_dir="/home/nikita/c++/OpenLayout"/>
				<Option type="4"/>
				<MakeCommands>
					<Build command="/usr/bin/make -j4 -f &quot;/home/nikita/c++/OpenLayout/Makefile&quot;  VERBOSE=1 rebuild_cache"/>
					<CompileFile command="/usr/bin/make -j4 -f &quot;/home/nikita/c++/OpenLayout/Makefile&quot;  VERBOSE=1 &quot;$file&quot;"/>
					<Clean command="/usr/bin/make -j4 -f &quot;/home/nikita/c++/OpenLayout/Makefile&quot;  VERBOSE=1 clean"/>
					<DistClean command="/usr/bin/make -j4 -f &quot;/home/nikita/c++/OpenLayout/Makefile&quot;  VERBOSE=1 clean"/>
				</MakeCommands>
			</Target>
			<Target title="edit_cache">
				<Option working_dir="/home/nikita/c++/OpenLayout"/>
				<Option type="4"/>
				<MakeCommands>
					<Build command="/usr/bin/make -j4 -f &quot;/home/nikita/c++/OpenLayout/Makefile&quot;  VERBOSE=1 edit_cache"/>
					<CompileFile command="/usr/bin/make -j4 -f &quot;/home/nikita/c++/OpenLayout/Makefile&quot;  VERBOSE=1 &quot;$file&quot;"/>
					<Clean command="/usr/bin/make -j4 -f &quot;/home/nikita/c++/OpenLayout/Makefile&quot;  VERBOSE=1 clean"/>
					<DistClean command="/usr/bin/make -j4 -f &quot;/home/nikita/c++/OpenLayout/Makefile&quot;  VERBOSE=1 clean"/>
				</MakeCommands>
			</Target>
			<Target title="OpenLayout">
				<Option output="/home/nikita/c++/OpenLayout/OpenLayout" prefix_auto="0" extension_auto="0"/>
				<Option working_dir=""/>
				<Option object_output="./"/>
				<Option type="1"/>
				<Option compiler="gcc"/>
				<Compiler>
					<Add option="-D_FILE_OFFSET_BITS=64"/>
					<Add option="-DWXUSINGDLL"/>
					<Add option="-D__WXGTK__"/>
					<Add directory="/home/nikita/c++/OpenLayout"/>
					<Add directory="/usr/lib/wx/include/gtk2-unicode-3.0"/>
					<Add directory="/usr/include/wx-3.0"/>
					<Add directory="/usr/lib/gcc/x86_64-pc-linux-gnu/11.1.0/../../../../include/c++/11.1.0"/>
					<Add directory="/usr/lib/gcc/x86_64-pc-linux-gnu/11.1.0/../../../../include/c++/11.1.0/x86_64-pc-linux-gnu"/>
					<Add directory="/usr/lib/gcc/x86_64-pc-linux-gnu/11.1.0/../../../../include/c++/11.1.0/backward"/>
					<Add directory="/usr/lib/gcc/x86_64-pc-linux-gnu/11.1.0/include"/>
					<Add directory="/usr/local/include"/>
					<Add directory="/usr/lib/gcc/x86_64-pc-linux-gnu/11.1.0/include-fixed"/>
					<Add directory="/usr/include"/>
				</Compiler>
				<MakeCommands>
					<Build command="/usr/bin/make -j4 -f &quot;/home/nikita/c++/OpenLayout/Makefile&quot;  VERBOSE=1 OpenLayout"/>
					<CompileFile command="/usr/bin/make -j4 -f &quot;/home/nikita/c++/OpenLayout/Makefile&quot;  VERBOSE=1 &quot;$file&quot;"/>
					<Clean command="/usr/bin/make -j4 -f &quot;/home/nikita/c++/OpenLayout/Makefile&quot;  VERBOSE=1 clean"/>
					<DistClean command="/usr/bin/make -j4 -f &quot;/home/nikita/c++/OpenLayout/Makefile&quot;  VERBOSE=1 clean"/>
				</MakeCommands>
			</Target>
			<Target title="OpenLayout/fast">
				<Option output="/home/nikita/c++/OpenLayout/OpenLayout" prefix_auto="0" extension_auto="0"/>
				<Option working_dir=""/>
				<Option object_output="./"/>
				<Option type="1"/>
				<Option compiler="gcc"/>
				<Compiler>
					<Add option="-D_FILE_OFFSET_BITS=64"/>
					<Add option="-DWXUSINGDLL"/>
					<Add option="-D__WXGTK__"/>
					<Add directory="/home/nikita/c++/OpenLayout"/>
					<Add directory="/usr/lib/wx/include/gtk2-unicode-3.0"/>
					<Add directory="/usr/include/wx-3.0"/>
					<Add directory="/usr/lib/gcc/x86_64-pc-linux-gnu/11.1.0/../../../../include/c++/11.1.0"/>
					<Add directory="/usr/lib/gcc/x86_64-pc-linux-gnu/11.1.0/../../../../include/c++/11.1.0/x86_64-pc-linux-gnu"/>
					<Add directory="/usr/lib/gcc/x86_64-pc-linux-gnu/11.1.0/../../../../include/c++/11.1.0/backward"/>
					<Add directory="/usr/lib/gcc/x86_64-pc-linux-gnu/11.1.0/include"/>
					<Add directory="/usr/local/include"/>
					<Add directory="/usr/lib/gcc/x86_64-pc-linux-gnu/11.1.0/include-fixed"/>
					<Add directory="/usr/include"/>
				</Compiler>
				<MakeCommands>
					<Build command="/usr/bin/make -j4 -f &quot;/home/nikita/c++/OpenLayout/Makefile&quot;  VERBOSE=1 OpenLayout/fast"/>
					<CompileFile command="/usr/bin/make -j4 -f &quot;/home/nikita/c++/OpenLayout/Makefile&quot;  VERBOSE=1 &quot;$file&quot;"/>
					<Clean command="/usr/bin/make -j4 -f &quot;/home/nikita/c++/OpenLayout/Makefile&quot;  VERBOSE=1 clean"/>
					<DistClean command="/usr/bin/make -j4 -f &quot;/home/nikita/c++/OpenLayout/Makefile&quot;  VERBOSE=1 clean"/>
				</MakeCommands>
			</Target>
		</Build>
		<Unit filename="/home/nikita/c++/OpenLayout/src/AboutDialog.cpp">
			<Option target="OpenLayout"/>
		</Unit>
		<Unit filename="/home/nikita/c++/OpenLayout/src/AboutDialog.h">
			<Option target="OpenLayout"/>
		</Unit>
		<Unit filename="/home/nikita/c++/OpenLayout/src/GLDraw.cpp">
			<Option target="OpenLayout"/>
		</Unit>
		<Unit filename="/home/nikita/c++/OpenLayout/src/GLDraw.h">
			<Option target="OpenLayout"/>
		</Unit>
		<Unit filename="/home/nikita/c++/OpenLayout/src/GridBinderDialog.cpp">
			<Option target="OpenLayout"/>
		</Unit>
		<Unit filename="/home/nikita/c++/OpenLayout/src/GridBinderDialog.h">
			<Option target="OpenLayout"/>
		</Unit>
		<Unit filename="/home/nikita/c++/OpenLayout/src/InputGridDialog.cpp">
			<Option target="OpenLayout"/>
		</Unit>
		<Unit filename="/home/nikita/c++/OpenLayout/src/InputGridDialog.h">
			<Option target="OpenLayout"/>
		</Unit>
		<Unit filename="/home/nikita/c++/OpenLayout/src/InputNumberDialog.cpp">
			<Option target="OpenLayout"/>
		</Unit>
		<Unit filename="/home/nikita/c++/OpenLayout/src/InputNumberDialog.h">
			<Option target="OpenLayout"/>
		</Unit>
		<Unit filename="/home/nikita/c++/OpenLayout/src/LayerInfoDialog.cpp">
			<Option target="OpenLayout"/>
		</Unit>
		<Unit filename="/home/nikita/c++/OpenLayout/src/LayerInfoDialog.h">
			<Option target="OpenLayout"/>
		</Unit>
		<Unit filename="/home/nikita/c++/OpenLayout/src/LeftPanel.cpp">
			<Option target="OpenLayout"/>
		</Unit>
		<Unit filename="/home/nikita/c++/OpenLayout/src/LeftPanel.h">
			<Option target="OpenLayout"/>
		</Unit>
		<Unit filename="/home/nikita/c++/OpenLayout/src/NewBoardDialog.cpp">
			<Option target="OpenLayout"/>
		</Unit>
		<Unit filename="/home/nikita/c++/OpenLayout/src/NewBoardDialog.h">
			<Option target="OpenLayout"/>
		</Unit>
		<Unit filename="/home/nikita/c++/OpenLayout/src/OpenLayoutApp.cpp">
			<Option target="OpenLayout"/>
		</Unit>
		<Unit filename="/home/nikita/c++/OpenLayout/src/OpenLayoutApp.h">
			<Option target="OpenLayout"/>
		</Unit>
		<Unit filename="/home/nikita/c++/OpenLayout/src/OpenLayoutMain.cpp">
			<Option target="OpenLayout"/>
		</Unit>
		<Unit filename="/home/nikita/c++/OpenLayout/src/OpenLayoutMain.h">
			<Option target="OpenLayout"/>
		</Unit>
		<Unit filename="/home/nikita/c++/OpenLayout/src/PCBFile.cpp">
			<Option target="OpenLayout"/>
		</Unit>
		<Unit filename="/home/nikita/c++/OpenLayout/src/PCBFile.h">
			<Option target="OpenLayout"/>
		</Unit>
		<Unit filename="/home/nikita/c++/OpenLayout/src/ProjectInfoDialog.cpp">
			<Option target="OpenLayout"/>
		</Unit>
		<Unit filename="/home/nikita/c++/OpenLayout/src/ProjectInfoDialog.h">
			<Option target="OpenLayout"/>
		</Unit>
		<Unit filename="/home/nikita/c++/OpenLayout/src/ScannedCopyDialog.cpp">
			<Option target="OpenLayout"/>
		</Unit>
		<Unit filename="/home/nikita/c++/OpenLayout/src/ScannedCopyDialog.h">
			<Option target="OpenLayout"/>
		</Unit>
		<Unit filename="/home/nikita/c++/OpenLayout/src/Settings.cpp">
			<Option target="OpenLayout"/>
		</Unit>
		<Unit filename="/home/nikita/c++/OpenLayout/src/Settings.h">
			<Option target="OpenLayout"/>
		</Unit>
		<Unit filename="/home/nikita/c++/OpenLayout/src/SettingsDialog.cpp">
			<Option target="OpenLayout"/>
		</Unit>
		<Unit filename="/home/nikita/c++/OpenLayout/src/SettingsDialog.h">
			<Option target="OpenLayout"/>
		</Unit>
		<Unit filename="/home/nikita/c++/OpenLayout/src/Utils.cpp">
			<Option target="OpenLayout"/>
		</Unit>
		<Unit filename="/home/nikita/c++/OpenLayout/src/Utils.h">
			<Option target="OpenLayout"/>
		</Unit>
		<Unit filename="/home/nikita/c++/OpenLayout/CMakeLists.txt">
			<Option virtualFolder="CMake Files\"/>
		</Unit>
	</Project>
</CodeBlocks_project_file>
